
Microsoft Visual Studio Solution File, Format Version 12.00
# Visual Studio Version 16
VisualStudioVersion = 16.0.30225.117
MinimumVisualStudioVersion = 10.0.40219.1
Project("{FAE04EC0-301F-11D3-BF4B-00C04F79EFBC}") = "rotace", "rotace\rotace.csproj", "{3ABA30AC-F85C-47CC-940B-8E75E71828F7}"
EndProject
Global
	GlobalSection(SolutionConfigurationPlatforms) = preSolution
		Debug|Any CPU = Debug|Any CPU
		Release|Any CPU = Release|Any CPU
	EndGlobalSection
	GlobalSection(ProjectConfigurationPlatforms) = postSolution
		{3ABA30AC-F85C-47CC-940B-8E75E71828F7}.Debug|Any CPU.ActiveCfg = Debug|Any CPU
		{3ABA30AC-F85C-47CC-940B-8E75E71828F7}.Debug|Any CPU.Build.0 = Debug|Any CPU
		{3ABA30AC-F85C-47CC-940B-8E75E71828F7}.Release|Any CPU.ActiveCfg = Release|Any CPU
		{3ABA30AC-F85C-47CC-940B-8E75E71828F7}.Release|Any CPU.Build.0 = Release|Any CPU
	EndGlobalSection
	GlobalSection(SolutionProperties) = preSolution
		HideSolutionNode = FALSE
	EndGlobalSection
	GlobalSection(ExtensibilityGlobals) = postSolution
		SolutionGuid = {C5BFA89F-A517-465E-B1CA-02D8428D6A0A}
	EndGlobalSection
EndGlobal
